
Microsoft Visual Studio Solution File, Format Version 12.00
# Visual Studio Version 16
VisualStudioVersion = 16.0.31911.196
MinimumVisualStudioVersion = 10.0.40219.1
Project("{2150E333-8FDC-42A3-9474-1A3956D46DE8}") = "Solution Items", "Solution Items", "{97B6FE29-0D9D-4504-B142-65D0D0A8CDFA}"
	ProjectSection(SolutionItems) = preProject
		.gitignore = .gitignore
		Data\homoglyphs.csv = Data\homoglyphs.csv
		LICENSE = LICENSE
		README.md = README.md
	EndProjectSection
EndProject
Project("{9A19103F-16F7-4668-BE54-9A1E7A4F7556}") = "Homoglyphic", "src\Homoglyphic\Homoglyphic.csproj", "{377D47CD-319E-4D21-9FF2-E958511E1086}"
EndProject
Project("{FAE04EC0-301F-11D3-BF4B-00C04F79EFBC}") = "Tests.Homogylphic", "tests\Tests.Homogylphic\Tests.Homogylphic.csproj", "{CEDFDA20-D68E-497E-9B59-53F248416FC8}"
EndProject
Global
	GlobalSection(SolutionConfigurationPlatforms) = preSolution
		Debug|Any CPU = Debug|Any CPU
		Release|Any CPU = Release|Any CPU
	EndGlobalSection
	GlobalSection(ProjectConfigurationPlatforms) = postSolution
		{377D47CD-319E-4D21-9FF2-E958511E1086}.Debug|Any CPU.ActiveCfg = Debug|Any CPU
		{377D47CD-319E-4D21-9FF2-E958511E1086}.Debug|Any CPU.Build.0 = Debug|Any CPU
		{377D47CD-319E-4D21-9FF2-E958511E1086}.Release|Any CPU.ActiveCfg = Release|Any CPU
		{377D47CD-319E-4D21-9FF2-E958511E1086}.Release|Any CPU.Build.0 = Release|Any CPU
		{CEDFDA20-D68E-497E-9B59-53F248416FC8}.Debug|Any CPU.ActiveCfg = Debug|Any CPU
		{CEDFDA20-D68E-497E-9B59-53F248416FC8}.Debug|Any CPU.Build.0 = Debug|Any CPU
		{CEDFDA20-D68E-497E-9B59-53F248416FC8}.Release|Any CPU.ActiveCfg = Release|Any CPU
		{CEDFDA20-D68E-497E-9B59-53F248416FC8}.Release|Any CPU.Build.0 = Release|Any CPU
	EndGlobalSection
	GlobalSection(SolutionProperties) = preSolution
		HideSolutionNode = FALSE
	EndGlobalSection
	GlobalSection(ExtensibilityGlobals) = postSolution
		SolutionGuid = {76315E73-509B-4100-931E-CAB0A1CAF2A3}
	EndGlobalSection
EndGlobal
